// !$*UTF8*$!
{
	archiveVersion = 1;
	classes = {
	};
	objectVersion = 46;
	objects = {

/* Begin PBXBuildFile section */
		C40946511770269200562FC9 /* UIKit.framework in Frameworks */ = {isa = PBXBuildFile; fileRef = C40946501770269200562FC9 /* UIKit.framework */; };
		C40946531770269200562FC9 /* Foundation.framework in Frameworks */ = {isa = PBXBuildFile; fileRef = C40946521770269200562FC9 /* Foundation.framework */; };
		C40946551770269200562FC9 /* CoreGraphics.framework in Frameworks */ = {isa = PBXBuildFile; fileRef = C40946541770269200562FC9 /* CoreGraphics.framework */; };
		C409465B1770269200562FC9 /* InfoPlist.strings in Resources */ = {isa = PBXBuildFile; fileRef = C40946591770269200562FC9 /* InfoPlist.strings */; };
		C409465D1770269200562FC9 /* main.m in Sources */ = {isa = PBXBuildFile; fileRef = C409465C1770269200562FC9 /* main.m */; };
		C40946611770269200562FC9 /* AppDelegate.m in Sources */ = {isa = PBXBuildFile; fileRef = C40946601770269200562FC9 /* AppDelegate.m */; };
		C40946631770269200562FC9 /* Default.png in Resources */ = {isa = PBXBuildFile; fileRef = C40946621770269200562FC9 /* Default.png */; };
		C40946651770269200562FC9 /* Default@2x.png in Resources */ = {isa = PBXBuildFile; fileRef = C40946641770269200562FC9 /* Default@2x.png */; };
		C40946671770269200562FC9 /* Default-568h@2x.png in Resources */ = {isa = PBXBuildFile; fileRef = C40946661770269200562FC9 /* Default-568h@2x.png */; };
		C40946E0177026BD00562FC9 /* AdditionsObserver.m in Sources */ = {isa = PBXBuildFile; fileRef = C40946A7177026BD00562FC9 /* AdditionsObserver.m */; };
		C40946E1177026BD00562FC9 /* AFDownloadRequestOperation.m in Sources */ = {isa = PBXBuildFile; fileRef = C40946AA177026BD00562FC9 /* AFDownloadRequestOperation.m */; };
		C40946E2177026BD00562FC9 /* AFHTTPClient.m in Sources */ = {isa = PBXBuildFile; fileRef = C40946AD177026BD00562FC9 /* AFHTTPClient.m */; };
		C40946E3177026BD00562FC9 /* AFHTTPRequestOperation.m in Sources */ = {isa = PBXBuildFile; fileRef = C40946AF177026BD00562FC9 /* AFHTTPRequestOperation.m */; };
		C40946E4177026BD00562FC9 /* AFImageRequestOperation.m in Sources */ = {isa = PBXBuildFile; fileRef = C40946B1177026BD00562FC9 /* AFImageRequestOperation.m */; };
		C40946E5177026BD00562FC9 /* AFJSONRequestOperation.m in Sources */ = {isa = PBXBuildFile; fileRef = C40946B3177026BD00562FC9 /* AFJSONRequestOperation.m */; };
		C40946E6177026BD00562FC9 /* AFNetworkActivityIndicatorManager.m in Sources */ = {isa = PBXBuildFile; fileRef = C40946B5177026BD00562FC9 /* AFNetworkActivityIndicatorManager.m */; };
		C40946E7177026BD00562FC9 /* AFPropertyListRequestOperation.m in Sources */ = {isa = PBXBuildFile; fileRef = C40946B8177026BD00562FC9 /* AFPropertyListRequestOperation.m */; };
		C40946E8177026BD00562FC9 /* AFURLConnectionOperation.m in Sources */ = {isa = PBXBuildFile; fileRef = C40946BA177026BD00562FC9 /* AFURLConnectionOperation.m */; };
		C40946E9177026BD00562FC9 /* AFXMLRequestOperation.m in Sources */ = {isa = PBXBuildFile; fileRef = C40946BC177026BD00562FC9 /* AFXMLRequestOperation.m */; };
		C40946EA177026BD00562FC9 /* UIImageView+AFNetworking.m in Sources */ = {isa = PBXBuildFile; fileRef = C40946BE177026BD00562FC9 /* UIImageView+AFNetworking.m */; };
		C40946EB177026BD00562FC9 /* AppUtil.m in Sources */ = {isa = PBXBuildFile; fileRef = C40946C0177026BD00562FC9 /* AppUtil.m */; };
		C40946EC177026BD00562FC9 /* AudioManager.m in Sources */ = {isa = PBXBuildFile; fileRef = C40946C2177026BD00562FC9 /* AudioManager.m */; };
		C40946ED177026BD00562FC9 /* JSONKit.m in Sources */ = {isa = PBXBuildFile; fileRef = C40946C4177026BD00562FC9 /* JSONKit.m */; settings = {COMPILER_FLAGS = "-fno-objc-arc"; }; };
		C40946EE177026BD00562FC9 /* NSArray+Additions.m in Sources */ = {isa = PBXBuildFile; fileRef = C40946C6177026BD00562FC9 /* NSArray+Additions.m */; };
		C40946EF177026BD00562FC9 /* NSData+Additions.m in Sources */ = {isa = PBXBuildFile; fileRef = C40946C8177026BD00562FC9 /* NSData+Additions.m */; };
		C40946F0177026BD00562FC9 /* NSDictionary+Additions.m in Sources */ = {isa = PBXBuildFile; fileRef = C40946CA177026BD00562FC9 /* NSDictionary+Additions.m */; };
		C40946F1177026BD00562FC9 /* NSMutableArray+Additions.m in Sources */ = {isa = PBXBuildFile; fileRef = C40946CC177026BD00562FC9 /* NSMutableArray+Additions.m */; };
		C40946F2177026BD00562FC9 /* NSString+Additions.m in Sources */ = {isa = PBXBuildFile; fileRef = C40946CE177026BD00562FC9 /* NSString+Additions.m */; };
		C40946F3177026BD00562FC9 /* OpenUDID.m in Sources */ = {isa = PBXBuildFile; fileRef = C40946D1177026BD00562FC9 /* OpenUDID.m */; settings = {COMPILER_FLAGS = "-fno-objc-arc"; }; };
		C40946F4177026BD00562FC9 /* UIApplication+Additions.m in Sources */ = {isa = PBXBuildFile; fileRef = C40946D3177026BD00562FC9 /* UIApplication+Additions.m */; };
		C40946F5177026BD00562FC9 /* UIColor+Additions.m in Sources */ = {isa = PBXBuildFile; fileRef = C40946D5177026BD00562FC9 /* UIColor+Additions.m */; };
		C40946F6177026BD00562FC9 /* UIDevice+Additions.m in Sources */ = {isa = PBXBuildFile; fileRef = C40946D7177026BD00562FC9 /* UIDevice+Additions.m */; };
		C40946F7177026BD00562FC9 /* UIScreen+Additions.m in Sources */ = {isa = PBXBuildFile; fileRef = C40946D9177026BD00562FC9 /* UIScreen+Additions.m */; };
		C40946F8177026BD00562FC9 /* UITableView+Additions.m in Sources */ = {isa = PBXBuildFile; fileRef = C40946DB177026BD00562FC9 /* UITableView+Additions.m */; };
		C40946F9177026BD00562FC9 /* UIView+Additions.m in Sources */ = {isa = PBXBuildFile; fileRef = C40946DD177026BD00562FC9 /* UIView+Additions.m */; };
		C40946FA177026BD00562FC9 /* UserDataManager.m in Sources */ = {isa = PBXBuildFile; fileRef = C40946DF177026BD00562FC9 /* UserDataManager.m */; settings = {COMPILER_FLAGS = "-fno-objc-arc"; }; };
		C4094701177026D300562FC9 /* ListViewController.m in Sources */ = {isa = PBXBuildFile; fileRef = C4094700177026D300562FC9 /* ListViewController.m */; };
		C4094706177026DA00562FC9 /* NavigationBar.mm in Sources */ = {isa = PBXBuildFile; fileRef = C4094703177026DA00562FC9 /* NavigationBar.mm */; };
		C4094707177026DA00562FC9 /* NavigationController.m in Sources */ = {isa = PBXBuildFile; fileRef = C4094705177026DA00562FC9 /* NavigationController.m */; };
		C409470A177026E500562FC9 /* RequestHelper.m in Sources */ = {isa = PBXBuildFile; fileRef = C4094709177026E500562FC9 /* RequestHelper.m */; };
		C409470C1770271800562FC9 /* SystemConfiguration.framework in Frameworks */ = {isa = PBXBuildFile; fileRef = C409470B1770271800562FC9 /* SystemConfiguration.framework */; };
		C409470E1770271D00562FC9 /* MobileCoreServices.framework in Frameworks */ = {isa = PBXBuildFile; fileRef = C409470D1770271D00562FC9 /* MobileCoreServices.framework */; };
		C40947101770272500562FC9 /* QuartzCore.framework in Frameworks */ = {isa = PBXBuildFile; fileRef = C409470F1770272500562FC9 /* QuartzCore.framework */; };
		C40947121770272A00562FC9 /* MediaPlayer.framework in Frameworks */ = {isa = PBXBuildFile; fileRef = C40947111770272A00562FC9 /* MediaPlayer.framework */; };
		C40947141770272D00562FC9 /* AVFoundation.framework in Frameworks */ = {isa = PBXBuildFile; fileRef = C40947131770272D00562FC9 /* AVFoundation.framework */; };
		C4A00D6617709B3500BA8043 /* libMobClickLibrary.a in Frameworks */ = {isa = PBXBuildFile; fileRef = C4A00D6417709B3500BA8043 /* libMobClickLibrary.a */; };
		C4A00D6817709D3800BA8043 /* libz.dylib in Frameworks */ = {isa = PBXBuildFile; fileRef = C4A00D6717709D3800BA8043 /* libz.dylib */; };
		C4EBA6921770313900502D2D /* Cell.xib in Resources */ = {isa = PBXBuildFile; fileRef = C4EBA6911770313900502D2D /* Cell.xib */; };
		C4EBA695177033AC00502D2D /* Cell.m in Sources */ = {isa = PBXBuildFile; fileRef = C4EBA694177033AC00502D2D /* Cell.m */; };
		C4EBA6981770366B00502D2D /* PlayingView.m in Sources */ = {isa = PBXBuildFile; fileRef = C4EBA6971770366B00502D2D /* PlayingView.m */; };
		C4EBA6AD17705EE000502D2D /* libWeChatSDK_armv7_armv7s.a in Frameworks */ = {isa = PBXBuildFile; fileRef = C4EBA6AC17705EE000502D2D /* libWeChatSDK_armv7_armv7s.a */; };
		C4EBA6B017706E4B00502D2D /* ConfigViewController.m in Sources */ = {isa = PBXBuildFile; fileRef = C4EBA6AF17706E4B00502D2D /* ConfigViewController.m */; };
		C4EBA73917707A4100502D2D /* back_btn.png in Resources */ = {isa = PBXBuildFile; fileRef = C4EBA70917707A4100502D2D /* back_btn.png */; };
		C4EBA73A17707A4100502D2D /* back_btn@2x.png in Resources */ = {isa = PBXBuildFile; fileRef = C4EBA70A17707A4100502D2D /* back_btn@2x.png */; };
		C4EBA73B17707A4100502D2D /* cell_bg.png in Resources */ = {isa = PBXBuildFile; fileRef = C4EBA70B17707A4100502D2D /* cell_bg.png */; };
		C4EBA73C17707A4100502D2D /* cell_bg@2x.png in Resources */ = {isa = PBXBuildFile; fileRef = C4EBA70C17707A4100502D2D /* cell_bg@2x.png */; };
		C4EBA73D17707A4100502D2D /* cell_bottom.png in Resources */ = {isa = PBXBuildFile; fileRef = C4EBA70D17707A4100502D2D /* cell_bottom.png */; };
		C4EBA73E17707A4100502D2D /* cell_bottom@2x.png in Resources */ = {isa = PBXBuildFile; fileRef = C4EBA70E17707A4100502D2D /* cell_bottom@2x.png */; };
		C4EBA73F17707A4100502D2D /* cell_center.png in Resources */ = {isa = PBXBuildFile; fileRef = C4EBA70F17707A4100502D2D /* cell_center.png */; };
		C4EBA74017707A4100502D2D /* cell_center@2x.png in Resources */ = {isa = PBXBuildFile; fileRef = C4EBA71017707A4100502D2D /* cell_center@2x.png */; };
		C4EBA74117707A4100502D2D /* cell_once.png in Resources */ = {isa = PBXBuildFile; fileRef = C4EBA71117707A4100502D2D /* cell_once.png */; };
		C4EBA74217707A4100502D2D /* cell_once@2x.png in Resources */ = {isa = PBXBuildFile; fileRef = C4EBA71217707A4100502D2D /* cell_once@2x.png */; };
		C4EBA74317707A4100502D2D /* cell_top.png in Resources */ = {isa = PBXBuildFile; fileRef = C4EBA71317707A4100502D2D /* cell_top.png */; };
		C4EBA74417707A4100502D2D /* cell_top@2x.png in Resources */ = {isa = PBXBuildFile; fileRef = C4EBA71417707A4100502D2D /* cell_top@2x.png */; };
		C4EBA74517707A4100502D2D /* click_add_img.png in Resources */ = {isa = PBXBuildFile; fileRef = C4EBA71517707A4100502D2D /* click_add_img.png */; };
		C4EBA74617707A4100502D2D /* click_add_img@2x.png in Resources */ = {isa = PBXBuildFile; fileRef = C4EBA71617707A4100502D2D /* click_add_img@2x.png */; };
		C4EBA74717707A4100502D2D /* config.png in Resources */ = {isa = PBXBuildFile; fileRef = C4EBA71717707A4100502D2D /* config.png */; };
		C4EBA74817707A4100502D2D /* config@2x.png in Resources */ = {isa = PBXBuildFile; fileRef = C4EBA71817707A4100502D2D /* config@2x.png */; };
		C4EBA74917707A4100502D2D /* error.png in Resources */ = {isa = PBXBuildFile; fileRef = C4EBA71917707A4100502D2D /* error.png */; };
		C4EBA74A17707A4100502D2D /* error@2x.png in Resources */ = {isa = PBXBuildFile; fileRef = C4EBA71A17707A4100502D2D /* error@2x.png */; };
		C4EBA74B17707A4100502D2D /* fav.png in Resources */ = {isa = PBXBuildFile; fileRef = C4EBA71B17707A4100502D2D /* fav.png */; };
		C4EBA74C17707A4100502D2D /* fav@2x.png in Resources */ = {isa = PBXBuildFile; fileRef = C4EBA71C17707A4100502D2D /* fav@2x.png */; };
		C4EBA74D17707A4100502D2D /* heart.png in Resources */ = {isa = PBXBuildFile; fileRef = C4EBA71D17707A4100502D2D /* heart.png */; };
		C4EBA74E17707A4100502D2D /* heart@2x.png in Resources */ = {isa = PBXBuildFile; fileRef = C4EBA71E17707A4100502D2D /* heart@2x.png */; };
		C4EBA74F17707A4100502D2D /* navi_bg.png in Resources */ = {isa = PBXBuildFile; fileRef = C4EBA71F17707A4100502D2D /* navi_bg.png */; };
		C4EBA75017707A4100502D2D /* navi_bg@2x.png in Resources */ = {isa = PBXBuildFile; fileRef = C4EBA72017707A4100502D2D /* navi_bg@2x.png */; };
		C4EBA75117707A4100502D2D /* navi_shadow.png in Resources */ = {isa = PBXBuildFile; fileRef = C4EBA72117707A4100502D2D /* navi_shadow.png */; };
		C4EBA75217707A4100502D2D /* navi_shadow@2x.png in Resources */ = {isa = PBXBuildFile; fileRef = C4EBA72217707A4100502D2D /* navi_shadow@2x.png */; };
		C4EBA75317707A4100502D2D /* noFav.png in Resources */ = {isa = PBXBuildFile; fileRef = C4EBA72317707A4100502D2D /* noFav.png */; };
		C4EBA75417707A4100502D2D /* noFav@2x.png in Resources */ = {isa = PBXBuildFile; fileRef = C4EBA72417707A4100502D2D /* noFav@2x.png */; };
		C4EBA75517707A4100502D2D /* panel.png in Resources */ = {isa = PBXBuildFile; fileRef = C4EBA72517707A4100502D2D /* panel.png */; };
		C4EBA75617707A4100502D2D /* panel@2x.png in Resources */ = {isa = PBXBuildFile; fileRef = C4EBA72617707A4100502D2D /* panel@2x.png */; };
		C4EBA75717707A4100502D2D /* play_btn.png in Resources */ = {isa = PBXBuildFile; fileRef = C4EBA72717707A4100502D2D /* play_btn.png */; };
		C4EBA75817707A4100502D2D /* play_btn@2x.png in Resources */ = {isa = PBXBuildFile; fileRef = C4EBA72817707A4100502D2D /* play_btn@2x.png */; };
		C4EBA75917707A4100502D2D /* record.png in Resources */ = {isa = PBXBuildFile; fileRef = C4EBA72917707A4100502D2D /* record.png */; };
		C4EBA75A17707A4100502D2D /* record@2x.png in Resources */ = {isa = PBXBuildFile; fileRef = C4EBA72A17707A4100502D2D /* record@2x.png */; };
		C4EBA75B17707A4100502D2D /* recordA.png in Resources */ = {isa = PBXBuildFile; fileRef = C4EBA72B17707A4100502D2D /* recordA.png */; };
		C4EBA75C17707A4100502D2D /* recordA@2x.png in Resources */ = {isa = PBXBuildFile; fileRef = C4EBA72C17707A4100502D2D /* recordA@2x.png */; };
		C4EBA75D17707A4100502D2D /* right_btn_pressed.png in Resources */ = {isa = PBXBuildFile; fileRef = C4EBA72D17707A4100502D2D /* right_btn_pressed.png */; };
		C4EBA75E17707A4100502D2D /* right_btn_pressed@2x.png in Resources */ = {isa = PBXBuildFile; fileRef = C4EBA72E17707A4100502D2D /* right_btn_pressed@2x.png */; };
		C4EBA75F17707A4100502D2D /* right_btn.png in Resources */ = {isa = PBXBuildFile; fileRef = C4EBA72F17707A4100502D2D /* right_btn.png */; };
		C4EBA76017707A4100502D2D /* right_btn@2x.png in Resources */ = {isa = PBXBuildFile; fileRef = C4EBA73017707A4100502D2D /* right_btn@2x.png */; };
		C4EBA76117707A4100502D2D /* share.png in Resources */ = {isa = PBXBuildFile; fileRef = C4EBA73117707A4100502D2D /* share.png */; };
		C4EBA76217707A4100502D2D /* share@2x.png in Resources */ = {isa = PBXBuildFile; fileRef = C4EBA73217707A4100502D2D /* share@2x.png */; };
		C4EBA76317707A4100502D2D /* speator.png in Resources */ = {isa = PBXBuildFile; fileRef = C4EBA73317707A4100502D2D /* speator.png */; };
		C4EBA76417707A4100502D2D /* speator@2x.png in Resources */ = {isa = PBXBuildFile; fileRef = C4EBA73417707A4100502D2D /* speator@2x.png */; };
		C4EBA76517707A4100502D2D /* success.png in Resources */ = {isa = PBXBuildFile; fileRef = C4EBA73517707A4100502D2D /* success.png */; };
		C4EBA76617707A4100502D2D /* success@2x.png in Resources */ = {isa = PBXBuildFile; fileRef = C4EBA73617707A4100502D2D /* success@2x.png */; };
		C4EBA76717707A4100502D2D /* voice.png in Resources */ = {isa = PBXBuildFile; fileRef = C4EBA73717707A4100502D2D /* voice.png */; };
		C4EBA76817707A4100502D2D /* voice@2x.png in Resources */ = {isa = PBXBuildFile; fileRef = C4EBA73817707A4100502D2D /* voice@2x.png */; };
		C4EBA76B17707A6F00502D2D /* RecordViewController.m in Sources */ = {isa = PBXBuildFile; fileRef = C4EBA76A17707A6F00502D2D /* RecordViewController.m */; };
		C4EBA76D1770836600502D2D /* EditView.xib in Resources */ = {isa = PBXBuildFile; fileRef = C4EBA76C1770836600502D2D /* EditView.xib */; };
		C4EBA770177084BE00502D2D /* EditView.m in Sources */ = {isa = PBXBuildFile; fileRef = C4EBA76F177084BE00502D2D /* EditView.m */; };
		C4EBA773177090C200502D2D /* FeedBackView.m in Sources */ = {isa = PBXBuildFile; fileRef = C4EBA772177090C200502D2D /* FeedBackView.m */; };
/* End PBXBuildFile section */

/* Begin PBXFileReference section */
		C409464D1770269200562FC9 /* Yitingdaodi.app */ = {isa = PBXFileReference; explicitFileType = wrapper.application; includeInIndex = 0; path = Yitingdaodi.app; sourceTree = BUILT_PRODUCTS_DIR; };
		C40946501770269200562FC9 /* UIKit.framework */ = {isa = PBXFileReference; lastKnownFileType = wrapper.framework; name = UIKit.framework; path = System/Library/Frameworks/UIKit.framework; sourceTree = SDKROOT; };
		C40946521770269200562FC9 /* Foundation.framework */ = {isa = PBXFileReference; lastKnownFileType = wrapper.framework; name = Foundation.framework; path = System/Library/Frameworks/Foundation.framework; sourceTree = SDKROOT; };
		C40946541770269200562FC9 /* CoreGraphics.framework */ = {isa = PBXFileReference; lastKnownFileType = wrapper.framework; name = CoreGraphics.framework; path = System/Library/Frameworks/CoreGraphics.framework; sourceTree = SDKROOT; };
		C40946581770269200562FC9 /* Yitingdaodi-Info.plist */ = {isa = PBXFileReference; lastKnownFileType = text.plist.xml; path = "Yitingdaodi-Info.plist"; sourceTree = "<group>"; };
		C409465A1770269200562FC9 /* en */ = {isa = PBXFileReference; lastKnownFileType = text.plist.strings; name = en; path = en.lproj/InfoPlist.strings; sourceTree = "<group>"; };
		C409465C1770269200562FC9 /* main.m */ = {isa = PBXFileReference; lastKnownFileType = sourcecode.c.objc; path = main.m; sourceTree = "<group>"; };
		C409465E1770269200562FC9 /* Yitingdaodi-Prefix.pch */ = {isa = PBXFileReference; lastKnownFileType = sourcecode.c.h; path = "Yitingdaodi-Prefix.pch"; sourceTree = "<group>"; };
		C409465F1770269200562FC9 /* AppDelegate.h */ = {isa = PBXFileReference; lastKnownFileType = sourcecode.c.h; path = AppDelegate.h; sourceTree = "<group>"; };
		C40946601770269200562FC9 /* AppDelegate.m */ = {isa = PBXFileReference; lastKnownFileType = sourcecode.c.objc; path = AppDelegate.m; sourceTree = "<group>"; };
		C40946621770269200562FC9 /* Default.png */ = {isa = PBXFileReference; lastKnownFileType = image.png; path = Default.png; sourceTree = "<group>"; };
		C40946641770269200562FC9 /* Default@2x.png */ = {isa = PBXFileReference; lastKnownFileType = image.png; path = "Default@2x.png"; sourceTree = "<group>"; };
		C40946661770269200562FC9 /* Default-568h@2x.png */ = {isa = PBXFileReference; lastKnownFileType = image.png; path = "Default-568h@2x.png"; sourceTree = "<group>"; };
		C40946A5177026BD00562FC9 /* AdditionsMacro.h */ = {isa = PBXFileReference; fileEncoding = 4; lastKnownFileType = sourcecode.c.h; path = AdditionsMacro.h; sourceTree = "<group>"; };
		C40946A6177026BD00562FC9 /* AdditionsObserver.h */ = {isa = PBXFileReference; fileEncoding = 4; lastKnownFileType = sourcecode.c.h; path = AdditionsObserver.h; sourceTree = "<group>"; };
		C40946A7177026BD00562FC9 /* AdditionsObserver.m */ = {isa = PBXFileReference; fileEncoding = 4; lastKnownFileType = sourcecode.c.objc; path = AdditionsObserver.m; sourceTree = "<group>"; };
		C40946A9177026BD00562FC9 /* AFDownloadRequestOperation.h */ = {isa = PBXFileReference; fileEncoding = 4; lastKnownFileType = sourcecode.c.h; path = AFDownloadRequestOperation.h; sourceTree = "<group>"; };
		C40946AA177026BD00562FC9 /* AFDownloadRequestOperation.m */ = {isa = PBXFileReference; fileEncoding = 4; lastKnownFileType = sourcecode.c.objc; path = AFDownloadRequestOperation.m; sourceTree = "<group>"; };
		C40946AC177026BD00562FC9 /* AFHTTPClient.h */ = {isa = PBXFileReference; fileEncoding = 4; lastKnownFileType = sourcecode.c.h; path = AFHTTPClient.h; sourceTree = "<group>"; };
		C40946AD177026BD00562FC9 /* AFHTTPClient.m */ = {isa = PBXFileReference; fileEncoding = 4; lastKnownFileType = sourcecode.c.objc; path = AFHTTPClient.m; sourceTree = "<group>"; };
		C40946AE177026BD00562FC9 /* AFHTTPRequestOperation.h */ = {isa = PBXFileReference; fileEncoding = 4; lastKnownFileType = sourcecode.c.h; path = AFHTTPRequestOperation.h; sourceTree = "<group>"; };
		C40946AF177026BD00562FC9 /* AFHTTPRequestOperation.m */ = {isa = PBXFileReference; fileEncoding = 4; lastKnownFileType = sourcecode.c.objc; path = AFHTTPRequestOperation.m; sourceTree = "<group>"; };
		C40946B0177026BD00562FC9 /* AFImageRequestOperation.h */ = {isa = PBXFileReference; fileEncoding = 4; lastKnownFileType = sourcecode.c.h; path = AFImageRequestOperation.h; sourceTree = "<group>"; };
		C40946B1177026BD00562FC9 /* AFImageRequestOperation.m */ = {isa = PBXFileReference; fileEncoding = 4; lastKnownFileType = sourcecode.c.objc; path = AFImageRequestOperation.m; sourceTree = "<group>"; };
		C40946B2177026BD00562FC9 /* AFJSONRequestOperation.h */ = {isa = PBXFileReference; fileEncoding = 4; lastKnownFileType = sourcecode.c.h; path = AFJSONRequestOperation.h; sourceTree = "<group>"; };
		C40946B3177026BD00562FC9 /* AFJSONRequestOperation.m */ = {isa = PBXFileReference; fileEncoding = 4; lastKnownFileType = sourcecode.c.objc; path = AFJSONRequestOperation.m; sourceTree = "<group>"; };
		C40946B4177026BD00562FC9 /* AFNetworkActivityIndicatorManager.h */ = {isa = PBXFileReference; fileEncoding = 4; lastKnownFileType = sourcecode.c.h; path = AFNetworkActivityIndicatorManager.h; sourceTree = "<group>"; };
		C40946B5177026BD00562FC9 /* AFNetworkActivityIndicatorManager.m */ = {isa = PBXFileReference; fileEncoding = 4; lastKnownFileType = sourcecode.c.objc; path = AFNetworkActivityIndicatorManager.m; sourceTree = "<group>"; };
		C40946B6177026BD00562FC9 /* AFNetworking.h */ = {isa = PBXFileReference; fileEncoding = 4; lastKnownFileType = sourcecode.c.h; path = AFNetworking.h; sourceTree = "<group>"; };
		C40946B7177026BD00562FC9 /* AFPropertyListRequestOperation.h */ = {isa = PBXFileReference; fileEncoding = 4; lastKnownFileType = sourcecode.c.h; path = AFPropertyListRequestOperation.h; sourceTree = "<group>"; };
		C40946B8177026BD00562FC9 /* AFPropertyListRequestOperation.m */ = {isa = PBXFileReference; fileEncoding = 4; lastKnownFileType = sourcecode.c.objc; path = AFPropertyListRequestOperation.m; sourceTree = "<group>"; };
		C40946B9177026BD00562FC9 /* AFURLConnectionOperation.h */ = {isa = PBXFileReference; fileEncoding = 4; lastKnownFileType = sourcecode.c.h; path = AFURLConnectionOperation.h; sourceTree = "<group>"; };
		C40946BA177026BD00562FC9 /* AFURLConnectionOperation.m */ = {isa = PBXFileReference; fileEncoding = 4; lastKnownFileType = sourcecode.c.objc; path = AFURLConnectionOperation.m; sourceTree = "<group>"; };
		C40946BB177026BD00562FC9 /* AFXMLRequestOperation.h */ = {isa = PBXFileReference; fileEncoding = 4; lastKnownFileType = sourcecode.c.h; path = AFXMLRequestOperation.h; sourceTree = "<group>"; };
		C40946BC177026BD00562FC9 /* AFXMLRequestOperation.m */ = {isa = PBXFileReference; fileEncoding = 4; lastKnownFileType = sourcecode.c.objc; path = AFXMLRequestOperation.m; sourceTree = "<group>"; };
		C40946BD177026BD00562FC9 /* UIImageView+AFNetworking.h */ = {isa = PBXFileReference; fileEncoding = 4; lastKnownFileType = sourcecode.c.h; path = "UIImageView+AFNetworking.h"; sourceTree = "<group>"; };
		C40946BE177026BD00562FC9 /* UIImageView+AFNetworking.m */ = {isa = PBXFileReference; fileEncoding = 4; lastKnownFileType = sourcecode.c.objc; path = "UIImageView+AFNetworking.m"; sourceTree = "<group>"; };
		C40946BF177026BD00562FC9 /* AppUtil.h */ = {isa = PBXFileReference; fileEncoding = 4; lastKnownFileType = sourcecode.c.h; path = AppUtil.h; sourceTree = "<group>"; };
		C40946C0177026BD00562FC9 /* AppUtil.m */ = {isa = PBXFileReference; fileEncoding = 4; lastKnownFileType = sourcecode.c.objc; path = AppUtil.m; sourceTree = "<group>"; };
		C40946C1177026BD00562FC9 /* AudioManager.h */ = {isa = PBXFileReference; fileEncoding = 4; lastKnownFileType = sourcecode.c.h; path = AudioManager.h; sourceTree = "<group>"; };
		C40946C2177026BD00562FC9 /* AudioManager.m */ = {isa = PBXFileReference; fileEncoding = 4; lastKnownFileType = sourcecode.c.objc; path = AudioManager.m; sourceTree = "<group>"; };
		C40946C3177026BD00562FC9 /* JSONKit.h */ = {isa = PBXFileReference; fileEncoding = 4; lastKnownFileType = sourcecode.c.h; path = JSONKit.h; sourceTree = "<group>"; };
		C40946C4177026BD00562FC9 /* JSONKit.m */ = {isa = PBXFileReference; fileEncoding = 4; lastKnownFileType = sourcecode.c.objc; path = JSONKit.m; sourceTree = "<group>"; };
		C40946C5177026BD00562FC9 /* NSArray+Additions.h */ = {isa = PBXFileReference; fileEncoding = 4; lastKnownFileType = sourcecode.c.h; path = "NSArray+Additions.h"; sourceTree = "<group>"; };
		C40946C6177026BD00562FC9 /* NSArray+Additions.m */ = {isa = PBXFileReference; fileEncoding = 4; lastKnownFileType = sourcecode.c.objc; path = "NSArray+Additions.m"; sourceTree = "<group>"; };
		C40946C7177026BD00562FC9 /* NSData+Additions.h */ = {isa = PBXFileReference; fileEncoding = 4; lastKnownFileType = sourcecode.c.h; path = "NSData+Additions.h"; sourceTree = "<group>"; };
		C40946C8177026BD00562FC9 /* NSData+Additions.m */ = {isa = PBXFileReference; fileEncoding = 4; lastKnownFileType = sourcecode.c.objc; path = "NSData+Additions.m"; sourceTree = "<group>"; };
		C40946C9177026BD00562FC9 /* NSDictionary+Additions.h */ = {isa = PBXFileReference; fileEncoding = 4; lastKnownFileType = sourcecode.c.h; path = "NSDictionary+Additions.h"; sourceTree = "<group>"; };
		C40946CA177026BD00562FC9 /* NSDictionary+Additions.m */ = {isa = PBXFileReference; fileEncoding = 4; lastKnownFileType = sourcecode.c.objc; path = "NSDictionary+Additions.m"; sourceTree = "<group>"; };
		C40946CB177026BD00562FC9 /* NSMutableArray+Additions.h */ = {isa = PBXFileReference; fileEncoding = 4; lastKnownFileType = sourcecode.c.h; path = "NSMutableArray+Additions.h"; sourceTree = "<group>"; };
		C40946CC177026BD00562FC9 /* NSMutableArray+Additions.m */ = {isa = PBXFileReference; fileEncoding = 4; lastKnownFileType = sourcecode.c.objc; path = "NSMutableArray+Additions.m"; sourceTree = "<group>"; };
		C40946CD177026BD00562FC9 /* NSString+Additions.h */ = {isa = PBXFileReference; fileEncoding = 4; lastKnownFileType = sourcecode.c.h; path = "NSString+Additions.h"; sourceTree = "<group>"; };
		C40946CE177026BD00562FC9 /* NSString+Additions.m */ = {isa = PBXFileReference; fileEncoding = 4; lastKnownFileType = sourcecode.c.objc; path = "NSString+Additions.m"; sourceTree = "<group>"; };
		C40946D0177026BD00562FC9 /* OpenUDID.h */ = {isa = PBXFileReference; fileEncoding = 4; lastKnownFileType = sourcecode.c.h; path = OpenUDID.h; sourceTree = "<group>"; };
		C40946D1177026BD00562FC9 /* OpenUDID.m */ = {isa = PBXFileReference; fileEncoding = 4; lastKnownFileType = sourcecode.c.objc; path = OpenUDID.m; sourceTree = "<group>"; };
		C40946D2177026BD00562FC9 /* UIApplication+Additions.h */ = {isa = PBXFileReference; fileEncoding = 4; lastKnownFileType = sourcecode.c.h; path = "UIApplication+Additions.h"; sourceTree = "<group>"; };
		C40946D3177026BD00562FC9 /* UIApplication+Additions.m */ = {isa = PBXFileReference; fileEncoding = 4; lastKnownFileType = sourcecode.c.objc; path = "UIApplication+Additions.m"; sourceTree = "<group>"; };
		C40946D4177026BD00562FC9 /* UIColor+Additions.h */ = {isa = PBXFileReference; fileEncoding = 4; lastKnownFileType = sourcecode.c.h; path = "UIColor+Additions.h"; sourceTree = "<group>"; };
		C40946D5177026BD00562FC9 /* UIColor+Additions.m */ = {isa = PBXFileReference; fileEncoding = 4; lastKnownFileType = sourcecode.c.objc; path = "UIColor+Additions.m"; sourceTree = "<group>"; };
		C40946D6177026BD00562FC9 /* UIDevice+Additions.h */ = {isa = PBXFileReference; fileEncoding = 4; lastKnownFileType = sourcecode.c.h; path = "UIDevice+Additions.h"; sourceTree = "<group>"; };
		C40946D7177026BD00562FC9 /* UIDevice+Additions.m */ = {isa = PBXFileReference; fileEncoding = 4; lastKnownFileType = sourcecode.c.objc; path = "UIDevice+Additions.m"; sourceTree = "<group>"; };
		C40946D8177026BD00562FC9 /* UIScreen+Additions.h */ = {isa = PBXFileReference; fileEncoding = 4; lastKnownFileType = sourcecode.c.h; path = "UIScreen+Additions.h"; sourceTree = "<group>"; };
		C40946D9177026BD00562FC9 /* UIScreen+Additions.m */ = {isa = PBXFileReference; fileEncoding = 4; lastKnownFileType = sourcecode.c.objc; path = "UIScreen+Additions.m"; sourceTree = "<group>"; };
		C40946DA177026BD00562FC9 /* UITableView+Additions.h */ = {isa = PBXFileReference; fileEncoding = 4; lastKnownFileType = sourcecode.c.h; path = "UITableView+Additions.h"; sourceTree = "<group>"; };
		C40946DB177026BD00562FC9 /* UITableView+Additions.m */ = {isa = PBXFileReference; fileEncoding = 4; lastKnownFileType = sourcecode.c.objc; path = "UITableView+Additions.m"; sourceTree = "<group>"; };
		C40946DC177026BD00562FC9 /* UIView+Additions.h */ = {isa = PBXFileReference; fileEncoding = 4; lastKnownFileType = sourcecode.c.h; path = "UIView+Additions.h"; sourceTree = "<group>"; };
		C40946DD177026BD00562FC9 /* UIView+Additions.m */ = {isa = PBXFileReference; fileEncoding = 4; lastKnownFileType = sourcecode.c.objc; path = "UIView+Additions.m"; sourceTree = "<group>"; };
		C40946DE177026BD00562FC9 /* UserDataManager.h */ = {isa = PBXFileReference; fileEncoding = 4; lastKnownFileType = sourcecode.c.h; path = UserDataManager.h; sourceTree = "<group>"; };
		C40946DF177026BD00562FC9 /* UserDataManager.m */ = {isa = PBXFileReference; fileEncoding = 4; lastKnownFileType = sourcecode.c.objc; path = UserDataManager.m; sourceTree = "<group>"; };
		C40946FF177026D300562FC9 /* ListViewController.h */ = {isa = PBXFileReference; fileEncoding = 4; lastKnownFileType = sourcecode.c.h; path = ListViewController.h; sourceTree = "<group>"; };
		C4094700177026D300562FC9 /* ListViewController.m */ = {isa = PBXFileReference; fileEncoding = 4; lastKnownFileType = sourcecode.c.objc; path = ListViewController.m; sourceTree = "<group>"; };
		C4094702177026DA00562FC9 /* NavigationBar.h */ = {isa = PBXFileReference; fileEncoding = 4; lastKnownFileType = sourcecode.c.h; path = NavigationBar.h; sourceTree = "<group>"; };
		C4094703177026DA00562FC9 /* NavigationBar.mm */ = {isa = PBXFileReference; fileEncoding = 4; lastKnownFileType = sourcecode.cpp.objcpp; path = NavigationBar.mm; sourceTree = "<group>"; };
		C4094704177026DA00562FC9 /* NavigationController.h */ = {isa = PBXFileReference; fileEncoding = 4; lastKnownFileType = sourcecode.c.h; path = NavigationController.h; sourceTree = "<group>"; };
		C4094705177026DA00562FC9 /* NavigationController.m */ = {isa = PBXFileReference; fileEncoding = 4; lastKnownFileType = sourcecode.c.objc; path = NavigationController.m; sourceTree = "<group>"; };
		C4094708177026E500562FC9 /* RequestHelper.h */ = {isa = PBXFileReference; fileEncoding = 4; lastKnownFileType = sourcecode.c.h; path = RequestHelper.h; sourceTree = "<group>"; };
		C4094709177026E500562FC9 /* RequestHelper.m */ = {isa = PBXFileReference; fileEncoding = 4; lastKnownFileType = sourcecode.c.objc; path = RequestHelper.m; sourceTree = "<group>"; };
		C409470B1770271800562FC9 /* SystemConfiguration.framework */ = {isa = PBXFileReference; lastKnownFileType = wrapper.framework; name = SystemConfiguration.framework; path = System/Library/Frameworks/SystemConfiguration.framework; sourceTree = SDKROOT; };
		C409470D1770271D00562FC9 /* MobileCoreServices.framework */ = {isa = PBXFileReference; lastKnownFileType = wrapper.framework; name = MobileCoreServices.framework; path = System/Library/Frameworks/MobileCoreServices.framework; sourceTree = SDKROOT; };
		C409470F1770272500562FC9 /* QuartzCore.framework */ = {isa = PBXFileReference; lastKnownFileType = wrapper.framework; name = QuartzCore.framework; path = System/Library/Frameworks/QuartzCore.framework; sourceTree = SDKROOT; };
		C40947111770272A00562FC9 /* MediaPlayer.framework */ = {isa = PBXFileReference; lastKnownFileType = wrapper.framework; name = MediaPlayer.framework; path = System/Library/Frameworks/MediaPlayer.framework; sourceTree = SDKROOT; };
		C40947131770272D00562FC9 /* AVFoundation.framework */ = {isa = PBXFileReference; lastKnownFileType = wrapper.framework; name = AVFoundation.framework; path = System/Library/Frameworks/AVFoundation.framework; sourceTree = SDKROOT; };
		C4A00D6417709B3500BA8043 /* libMobClickLibrary.a */ = {isa = PBXFileReference; lastKnownFileType = archive.ar; path = libMobClickLibrary.a; sourceTree = "<group>"; };
		C4A00D6517709B3500BA8043 /* MobClick.h */ = {isa = PBXFileReference; fileEncoding = 4; lastKnownFileType = sourcecode.c.h; path = MobClick.h; sourceTree = "<group>"; };
		C4A00D6717709D3800BA8043 /* libz.dylib */ = {isa = PBXFileReference; lastKnownFileType = "compiled.mach-o.dylib"; name = libz.dylib; path = usr/lib/libz.dylib; sourceTree = SDKROOT; };
		C4EBA6911770313900502D2D /* Cell.xib */ = {isa = PBXFileReference; fileEncoding = 4; lastKnownFileType = file.xib; path = Cell.xib; sourceTree = "<group>"; };
		C4EBA693177033AC00502D2D /* Cell.h */ = {isa = PBXFileReference; fileEncoding = 4; lastKnownFileType = sourcecode.c.h; path = Cell.h; sourceTree = "<group>"; };
		C4EBA694177033AC00502D2D /* Cell.m */ = {isa = PBXFileReference; fileEncoding = 4; lastKnownFileType = sourcecode.c.objc; path = Cell.m; sourceTree = "<group>"; };
		C4EBA6961770366B00502D2D /* PlayingView.h */ = {isa = PBXFileReference; fileEncoding = 4; lastKnownFileType = sourcecode.c.h; path = PlayingView.h; sourceTree = "<group>"; };
		C4EBA6971770366B00502D2D /* PlayingView.m */ = {isa = PBXFileReference; fileEncoding = 4; lastKnownFileType = sourcecode.c.objc; path = PlayingView.m; sourceTree = "<group>"; };
		C4EBA6A817705CC600502D2D /* WXApi.h */ = {isa = PBXFileReference; fileEncoding = 4; lastKnownFileType = sourcecode.c.h; path = WXApi.h; sourceTree = "<group>"; };
		C4EBA6A917705CC600502D2D /* WXApiObject.h */ = {isa = PBXFileReference; fileEncoding = 4; lastKnownFileType = sourcecode.c.h; path = WXApiObject.h; sourceTree = "<group>"; };
		C4EBA6AC17705EE000502D2D /* libWeChatSDK_armv7_armv7s.a */ = {isa = PBXFileReference; lastKnownFileType = archive.ar; path = libWeChatSDK_armv7_armv7s.a; sourceTree = "<group>"; };
		C4EBA6AE17706E4B00502D2D /* ConfigViewController.h */ = {isa = PBXFileReference; fileEncoding = 4; lastKnownFileType = sourcecode.c.h; path = ConfigViewController.h; sourceTree = "<group>"; };
		C4EBA6AF17706E4B00502D2D /* ConfigViewController.m */ = {isa = PBXFileReference; fileEncoding = 4; lastKnownFileType = sourcecode.c.objc; path = ConfigViewController.m; sourceTree = "<group>"; };
		C4EBA70917707A4100502D2D /* back_btn.png */ = {isa = PBXFileReference; lastKnownFileType = image.png; path = back_btn.png; sourceTree = "<group>"; };
		C4EBA70A17707A4100502D2D /* back_btn@2x.png */ = {isa = PBXFileReference; lastKnownFileType = image.png; path = "back_btn@2x.png"; sourceTree = "<group>"; };
		C4EBA70B17707A4100502D2D /* cell_bg.png */ = {isa = PBXFileReference; lastKnownFileType = image.png; path = cell_bg.png; sourceTree = "<group>"; };
		C4EBA70C17707A4100502D2D /* cell_bg@2x.png */ = {isa = PBXFileReference; lastKnownFileType = image.png; path = "cell_bg@2x.png"; sourceTree = "<group>"; };
		C4EBA70D17707A4100502D2D /* cell_bottom.png */ = {isa = PBXFileReference; lastKnownFileType = image.png; path = cell_bottom.png; sourceTree = "<group>"; };
		C4EBA70E17707A4100502D2D /* cell_bottom@2x.png */ = {isa = PBXFileReference; lastKnownFileType = image.png; path = "cell_bottom@2x.png"; sourceTree = "<group>"; };
		C4EBA70F17707A4100502D2D /* cell_center.png */ = {isa = PBXFileReference; lastKnownFileType = image.png; path = cell_center.png; sourceTree = "<group>"; };
		C4EBA71017707A4100502D2D /* cell_center@2x.png */ = {isa = PBXFileReference; lastKnownFileType = image.png; path = "cell_center@2x.png"; sourceTree = "<group>"; };
		C4EBA71117707A4100502D2D /* cell_once.png */ = {isa = PBXFileReference; lastKnownFileType = image.png; path = cell_once.png; sourceTree = "<group>"; };
		C4EBA71217707A4100502D2D /* cell_once@2x.png */ = {isa = PBXFileReference; lastKnownFileType = image.png; path = "cell_once@2x.png"; sourceTree = "<group>"; };
		C4EBA71317707A4100502D2D /* cell_top.png */ = {isa = PBXFileReference; lastKnownFileType = image.png; path = cell_top.png; sourceTree = "<group>"; };
		C4EBA71417707A4100502D2D /* cell_top@2x.png */ = {isa = PBXFileReference; lastKnownFileType = image.png; path = "cell_top@2x.png"; sourceTree = "<group>"; };
		C4EBA71517707A4100502D2D /* click_add_img.png */ = {isa = PBXFileReference; lastKnownFileType = image.png; path = click_add_img.png; sourceTree = "<group>"; };
		C4EBA71617707A4100502D2D /* click_add_img@2x.png */ = {isa = PBXFileReference; lastKnownFileType = image.png; path = "click_add_img@2x.png"; sourceTree = "<group>"; };
		C4EBA71717707A4100502D2D /* config.png */ = {isa = PBXFileReference; lastKnownFileType = image.png; path = config.png; sourceTree = "<group>"; };
		C4EBA71817707A4100502D2D /* config@2x.png */ = {isa = PBXFileReference; lastKnownFileType = image.png; path = "config@2x.png"; sourceTree = "<group>"; };
		C4EBA71917707A4100502D2D /* error.png */ = {isa = PBXFileReference; lastKnownFileType = image.png; path = error.png; sourceTree = "<group>"; };
		C4EBA71A17707A4100502D2D /* error@2x.png */ = {isa = PBXFileReference; lastKnownFileType = image.png; path = "error@2x.png"; sourceTree = "<group>"; };
		C4EBA71B17707A4100502D2D /* fav.png */ = {isa = PBXFileReference; lastKnownFileType = image.png; path = fav.png; sourceTree = "<group>"; };
		C4EBA71C17707A4100502D2D /* fav@2x.png */ = {isa = PBXFileReference; lastKnownFileType = image.png; path = "fav@2x.png"; sourceTree = "<group>"; };
		C4EBA71D17707A4100502D2D /* heart.png */ = {isa = PBXFileReference; lastKnownFileType = image.png; path = heart.png; sourceTree = "<group>"; };
		C4EBA71E17707A4100502D2D /* heart@2x.png */ = {isa = PBXFileReference; lastKnownFileType = image.png; path = "heart@2x.png"; sourceTree = "<group>"; };
		C4EBA71F17707A4100502D2D /* navi_bg.png */ = {isa = PBXFileReference; lastKnownFileType = image.png; path = navi_bg.png; sourceTree = "<group>"; };
		C4EBA72017707A4100502D2D /* navi_bg@2x.png */ = {isa = PBXFileReference; lastKnownFileType = image.png; path = "navi_bg@2x.png"; sourceTree = "<group>"; };
		C4EBA72117707A4100502D2D /* navi_shadow.png */ = {isa = PBXFileReference; lastKnownFileType = image.png; path = navi_shadow.png; sourceTree = "<group>"; };
		C4EBA72217707A4100502D2D /* navi_shadow@2x.png */ = {isa = PBXFileReference; lastKnownFileType = image.png; path = "navi_shadow@2x.png"; sourceTree = "<group>"; };
		C4EBA72317707A4100502D2D /* noFav.png */ = {isa = PBXFileReference; lastKnownFileType = image.png; path = noFav.png; sourceTree = "<group>"; };
		C4EBA72417707A4100502D2D /* noFav@2x.png */ = {isa = PBXFileReference; lastKnownFileType = image.png; path = "noFav@2x.png"; sourceTree = "<group>"; };
		C4EBA72517707A4100502D2D /* panel.png */ = {isa = PBXFileReference; lastKnownFileType = image.png; path = panel.png; sourceTree = "<group>"; };
		C4EBA72617707A4100502D2D /* panel@2x.png */ = {isa = PBXFileReference; lastKnownFileType = image.png; path = "panel@2x.png"; sourceTree = "<group>"; };
		C4EBA72717707A4100502D2D /* play_btn.png */ = {isa = PBXFileReference; lastKnownFileType = image.png; path = play_btn.png; sourceTree = "<group>"; };
		C4EBA72817707A4100502D2D /* play_btn@2x.png */ = {isa = PBXFileReference; lastKnownFileType = image.png; path = "play_btn@2x.png"; sourceTree = "<group>"; };
		C4EBA72917707A4100502D2D /* record.png */ = {isa = PBXFileReference; lastKnownFileType = image.png; path = record.png; sourceTree = "<group>"; };
		C4EBA72A17707A4100502D2D /* record@2x.png */ = {isa = PBXFileReference; lastKnownFileType = image.png; path = "record@2x.png"; sourceTree = "<group>"; };
		C4EBA72B17707A4100502D2D /* recordA.png */ = {isa = PBXFileReference; lastKnownFileType = image.png; path = recordA.png; sourceTree = "<group>"; };
		C4EBA72C17707A4100502D2D /* recordA@2x.png */ = {isa = PBXFileReference; lastKnownFileType = image.png; path = "recordA@2x.png"; sourceTree = "<group>"; };
		C4EBA72D17707A4100502D2D /* right_btn_pressed.png */ = {isa = PBXFileReference; lastKnownFileType = image.png; path = right_btn_pressed.png; sourceTree = "<group>"; };
		C4EBA72E17707A4100502D2D /* right_btn_pressed@2x.png */ = {isa = PBXFileReference; lastKnownFileType = image.png; path = "right_btn_pressed@2x.png"; sourceTree = "<group>"; };
		C4EBA72F17707A4100502D2D /* right_btn.png */ = {isa = PBXFileReference; lastKnownFileType = image.png; path = right_btn.png; sourceTree = "<group>"; };
		C4EBA73017707A4100502D2D /* right_btn@2x.png */ = {isa = PBXFileReference; lastKnownFileType = image.png; path = "right_btn@2x.png"; sourceTree = "<group>"; };
		C4EBA73117707A4100502D2D /* share.png */ = {isa = PBXFileReference; lastKnownFileType = image.png; path = share.png; sourceTree = "<group>"; };
		C4EBA73217707A4100502D2D /* share@2x.png */ = {isa = PBXFileReference; lastKnownFileType = image.png; path = "share@2x.png"; sourceTree = "<group>"; };
		C4EBA73317707A4100502D2D /* speator.png */ = {isa = PBXFileReference; lastKnownFileType = image.png; path = speator.png; sourceTree = "<group>"; };
		C4EBA73417707A4100502D2D /* speator@2x.png */ = {isa = PBXFileReference; lastKnownFileType = image.png; path = "speator@2x.png"; sourceTree = "<group>"; };
		C4EBA73517707A4100502D2D /* success.png */ = {isa = PBXFileReference; lastKnownFileType = image.png; path = success.png; sourceTree = "<group>"; };
		C4EBA73617707A4100502D2D /* success@2x.png */ = {isa = PBXFileReference; lastKnownFileType = image.png; path = "success@2x.png"; sourceTree = "<group>"; };
		C4EBA73717707A4100502D2D /* voice.png */ = {isa = PBXFileReference; lastKnownFileType = image.png; path = voice.png; sourceTree = "<group>"; };
		C4EBA73817707A4100502D2D /* voice@2x.png */ = {isa = PBXFileReference; lastKnownFileType = image.png; path = "voice@2x.png"; sourceTree = "<group>"; };
		C4EBA76917707A6F00502D2D /* RecordViewController.h */ = {isa = PBXFileReference; fileEncoding = 4; lastKnownFileType = sourcecode.c.h; path = RecordViewController.h; sourceTree = "<group>"; };
		C4EBA76A17707A6F00502D2D /* RecordViewController.m */ = {isa = PBXFileReference; fileEncoding = 4; lastKnownFileType = sourcecode.c.objc; path = RecordViewController.m; sourceTree = "<group>"; };
		C4EBA76C1770836600502D2D /* EditView.xib */ = {isa = PBXFileReference; fileEncoding = 4; lastKnownFileType = file.xib; path = EditView.xib; sourceTree = "<group>"; };
		C4EBA76E177084BE00502D2D /* EditView.h */ = {isa = PBXFileReference; fileEncoding = 4; lastKnownFileType = sourcecode.c.h; path = EditView.h; sourceTree = "<group>"; };
		C4EBA76F177084BE00502D2D /* EditView.m */ = {isa = PBXFileReference; fileEncoding = 4; lastKnownFileType = sourcecode.c.objc; path = EditView.m; sourceTree = "<group>"; };
		C4EBA771177090C200502D2D /* FeedBackView.h */ = {isa = PBXFileReference; fileEncoding = 4; lastKnownFileType = sourcecode.c.h; path = FeedBackView.h; sourceTree = "<group>"; };
		C4EBA772177090C200502D2D /* FeedBackView.m */ = {isa = PBXFileReference; fileEncoding = 4; lastKnownFileType = sourcecode.c.objc; path = FeedBackView.m; sourceTree = "<group>"; };
/* End PBXFileReference section */

/* Begin PBXFrameworksBuildPhase section */
		C409464A1770269200562FC9 /* Frameworks */ = {
			isa = PBXFrameworksBuildPhase;
			buildActionMask = 2147483647;
			files = (
				C4A00D6817709D3800BA8043 /* libz.dylib in Frameworks */,
				C40947141770272D00562FC9 /* AVFoundation.framework in Frameworks */,
				C40947121770272A00562FC9 /* MediaPlayer.framework in Frameworks */,
				C40947101770272500562FC9 /* QuartzCore.framework in Frameworks */,
				C409470E1770271D00562FC9 /* MobileCoreServices.framework in Frameworks */,
				C409470C1770271800562FC9 /* SystemConfiguration.framework in Frameworks */,
				C40946511770269200562FC9 /* UIKit.framework in Frameworks */,
				C40946531770269200562FC9 /* Foundation.framework in Frameworks */,
				C40946551770269200562FC9 /* CoreGraphics.framework in Frameworks */,
				C4EBA6AD17705EE000502D2D /* libWeChatSDK_armv7_armv7s.a in Frameworks */,
				C4A00D6617709B3500BA8043 /* libMobClickLibrary.a in Frameworks */,
			);
			runOnlyForDeploymentPostprocessing = 0;
		};
/* End PBXFrameworksBuildPhase section */

/* Begin PBXGroup section */
		C40946441770269100562FC9 = {
			isa = PBXGroup;
			children = (
				C4A00D6717709D3800BA8043 /* libz.dylib */,
				C40947131770272D00562FC9 /* AVFoundation.framework */,
				C40947111770272A00562FC9 /* MediaPlayer.framework */,
				C409470F1770272500562FC9 /* QuartzCore.framework */,
				C409470D1770271D00562FC9 /* MobileCoreServices.framework */,
				C409470B1770271800562FC9 /* SystemConfiguration.framework */,
				C40946561770269200562FC9 /* Yitingdaodi */,
				C409464F1770269200562FC9 /* Frameworks */,
				C409464E1770269200562FC9 /* Products */,
			);
			sourceTree = "<group>";
		};
		C409464E1770269200562FC9 /* Products */ = {
			isa = PBXGroup;
			children = (
				C409464D1770269200562FC9 /* Yitingdaodi.app */,
			);
			name = Products;
			sourceTree = "<group>";
		};
		C409464F1770269200562FC9 /* Frameworks */ = {
			isa = PBXGroup;
			children = (
				C40946501770269200562FC9 /* UIKit.framework */,
				C40946521770269200562FC9 /* Foundation.framework */,
				C40946541770269200562FC9 /* CoreGraphics.framework */,
			);
			name = Frameworks;
			sourceTree = "<group>";
		};
		C40946561770269200562FC9 /* Yitingdaodi */ = {
			isa = PBXGroup;
			children = (
				C40946A4177026BD00562FC9 /* library */,
				C409465F1770269200562FC9 /* AppDelegate.h */,
				C40946601770269200562FC9 /* AppDelegate.m */,
				C40946FE177026CC00562FC9 /* controller */,
				C40946FD177026C900562FC9 /* view */,
				C40946FB177026C300562FC9 /* model */,
				C40946571770269200562FC9 /* Supporting Files */,
			);
			path = Yitingdaodi;
			sourceTree = "<group>";
		};
		C40946571770269200562FC9 /* Supporting Files */ = {
			isa = PBXGroup;
			children = (
				C4094673177026B900562FC9 /* image */,
				C40946581770269200562FC9 /* Yitingdaodi-Info.plist */,
				C40946591770269200562FC9 /* InfoPlist.strings */,
				C409465C1770269200562FC9 /* main.m */,
				C409465E1770269200562FC9 /* Yitingdaodi-Prefix.pch */,
				C40946621770269200562FC9 /* Default.png */,
				C40946641770269200562FC9 /* Default@2x.png */,
				C40946661770269200562FC9 /* Default-568h@2x.png */,
			);
			name = "Supporting Files";
			sourceTree = "<group>";
		};
		C4094673177026B900562FC9 /* image */ = {
			isa = PBXGroup;
			children = (
				C4EBA70917707A4100502D2D /* back_btn.png */,
				C4EBA70A17707A4100502D2D /* back_btn@2x.png */,
				C4EBA70B17707A4100502D2D /* cell_bg.png */,
				C4EBA70C17707A4100502D2D /* cell_bg@2x.png */,
				C4EBA70D17707A4100502D2D /* cell_bottom.png */,
				C4EBA70E17707A4100502D2D /* cell_bottom@2x.png */,
				C4EBA70F17707A4100502D2D /* cell_center.png */,
				C4EBA71017707A4100502D2D /* cell_center@2x.png */,
				C4EBA71117707A4100502D2D /* cell_once.png */,
				C4EBA71217707A4100502D2D /* cell_once@2x.png */,
				C4EBA71317707A4100502D2D /* cell_top.png */,
				C4EBA71417707A4100502D2D /* cell_top@2x.png */,
				C4EBA71517707A4100502D2D /* click_add_img.png */,
				C4EBA71617707A4100502D2D /* click_add_img@2x.png */,
				C4EBA71717707A4100502D2D /* config.png */,
				C4EBA71817707A4100502D2D /* config@2x.png */,
				C4EBA71917707A4100502D2D /* error.png */,
				C4EBA71A17707A4100502D2D /* error@2x.png */,
				C4EBA71B17707A4100502D2D /* fav.png */,
				C4EBA71C17707A4100502D2D /* fav@2x.png */,
				C4EBA71D17707A4100502D2D /* heart.png */,
				C4EBA71E17707A4100502D2D /* heart@2x.png */,
				C4EBA71F17707A4100502D2D /* navi_bg.png */,
				C4EBA72017707A4100502D2D /* navi_bg@2x.png */,
				C4EBA72117707A4100502D2D /* navi_shadow.png */,
				C4EBA72217707A4100502D2D /* navi_shadow@2x.png */,
				C4EBA72317707A4100502D2D /* noFav.png */,
				C4EBA72417707A4100502D2D /* noFav@2x.png */,
				C4EBA72517707A4100502D2D /* panel.png */,
				C4EBA72617707A4100502D2D /* panel@2x.png */,
				C4EBA72717707A4100502D2D /* play_btn.png */,
				C4EBA72817707A4100502D2D /* play_btn@2x.png */,
				C4EBA72917707A4100502D2D /* record.png */,
				C4EBA72A17707A4100502D2D /* record@2x.png */,
				C4EBA72B17707A4100502D2D /* recordA.png */,
				C4EBA72C17707A4100502D2D /* recordA@2x.png */,
				C4EBA72D17707A4100502D2D /* right_btn_pressed.png */,
				C4EBA72E17707A4100502D2D /* right_btn_pressed@2x.png */,
				C4EBA72F17707A4100502D2D /* right_btn.png */,
				C4EBA73017707A4100502D2D /* right_btn@2x.png */,
				C4EBA73117707A4100502D2D /* share.png */,
				C4EBA73217707A4100502D2D /* share@2x.png */,
				C4EBA73317707A4100502D2D /* speator.png */,
				C4EBA73417707A4100502D2D /* speator@2x.png */,
				C4EBA73517707A4100502D2D /* success.png */,
				C4EBA73617707A4100502D2D /* success@2x.png */,
				C4EBA73717707A4100502D2D /* voice.png */,
				C4EBA73817707A4100502D2D /* voice@2x.png */,
			);
			path = image;
			sourceTree = "<group>";
		};
		C40946A4177026BD00562FC9 /* library */ = {
			isa = PBXGroup;
			children = (
				C4A00D6317709B3500BA8043 /* UMAnalytics_Sdk_2.2.0.OpenUDID */,
				C4EBA6A517705CC600502D2D /* weixin */,
				C4094708177026E500562FC9 /* RequestHelper.h */,
				C4094709177026E500562FC9 /* RequestHelper.m */,
				C40946A5177026BD00562FC9 /* AdditionsMacro.h */,
				C40946A6177026BD00562FC9 /* AdditionsObserver.h */,
				C40946A7177026BD00562FC9 /* AdditionsObserver.m */,
				C40946A8177026BD00562FC9 /* AFDownloadRequestOperation */,
				C40946AB177026BD00562FC9 /* AFNetworking */,
				C40946BF177026BD00562FC9 /* AppUtil.h */,
				C40946C0177026BD00562FC9 /* AppUtil.m */,
				C40946C1177026BD00562FC9 /* AudioManager.h */,
				C40946C2177026BD00562FC9 /* AudioManager.m */,
				C40946C3177026BD00562FC9 /* JSONKit.h */,
				C40946C4177026BD00562FC9 /* JSONKit.m */,
				C40946C5177026BD00562FC9 /* NSArray+Additions.h */,
				C40946C6177026BD00562FC9 /* NSArray+Additions.m */,
				C40946C7177026BD00562FC9 /* NSData+Additions.h */,
				C40946C8177026BD00562FC9 /* NSData+Additions.m */,
				C40946C9177026BD00562FC9 /* NSDictionary+Additions.h */,
				C40946CA177026BD00562FC9 /* NSDictionary+Additions.m */,
				C40946CB177026BD00562FC9 /* NSMutableArray+Additions.h */,
				C40946CC177026BD00562FC9 /* NSMutableArray+Additions.m */,
				C40946CD177026BD00562FC9 /* NSString+Additions.h */,
				C40946CE177026BD00562FC9 /* NSString+Additions.m */,
				C40946CF177026BD00562FC9 /* support */,
				C40946D2177026BD00562FC9 /* UIApplication+Additions.h */,
				C40946D3177026BD00562FC9 /* UIApplication+Additions.m */,
				C40946D4177026BD00562FC9 /* UIColor+Additions.h */,
				C40946D5177026BD00562FC9 /* UIColor+Additions.m */,
				C40946D6177026BD00562FC9 /* UIDevice+Additions.h */,
				C40946D7177026BD00562FC9 /* UIDevice+Additions.m */,
				C40946D8177026BD00562FC9 /* UIScreen+Additions.h */,
				C40946D9177026BD00562FC9 /* UIScreen+Additions.m */,
				C40946DA177026BD00562FC9 /* UITableView+Additions.h */,
				C40946DB177026BD00562FC9 /* UITableView+Additions.m */,
				C40946DC177026BD00562FC9 /* UIView+Additions.h */,
				C40946DD177026BD00562FC9 /* UIView+Additions.m */,
				C40946DE177026BD00562FC9 /* UserDataManager.h */,
				C40946DF177026BD00562FC9 /* UserDataManager.m */,
			);
			path = library;
			sourceTree = "<group>";
		};
		C40946A8177026BD00562FC9 /* AFDownloadRequestOperation */ = {
			isa = PBXGroup;
			children = (
				C40946A9177026BD00562FC9 /* AFDownloadRequestOperation.h */,
				C40946AA177026BD00562FC9 /* AFDownloadRequestOperation.m */,
			);
			path = AFDownloadRequestOperation;
			sourceTree = "<group>";
		};
		C40946AB177026BD00562FC9 /* AFNetworking */ = {
			isa = PBXGroup;
			children = (
				C40946AC177026BD00562FC9 /* AFHTTPClient.h */,
				C40946AD177026BD00562FC9 /* AFHTTPClient.m */,
				C40946AE177026BD00562FC9 /* AFHTTPRequestOperation.h */,
				C40946AF177026BD00562FC9 /* AFHTTPRequestOperation.m */,
				C40946B0177026BD00562FC9 /* AFImageRequestOperation.h */,
				C40946B1177026BD00562FC9 /* AFImageRequestOperation.m */,
				C40946B2177026BD00562FC9 /* AFJSONRequestOperation.h */,
				C40946B3177026BD00562FC9 /* AFJSONRequestOperation.m */,
				C40946B4177026BD00562FC9 /* AFNetworkActivityIndicatorManager.h */,
				C40946B5177026BD00562FC9 /* AFNetworkActivityIndicatorManager.m */,
				C40946B6177026BD00562FC9 /* AFNetworking.h */,
				C40946B7177026BD00562FC9 /* AFPropertyListRequestOperation.h */,
				C40946B8177026BD00562FC9 /* AFPropertyListRequestOperation.m */,
				C40946B9177026BD00562FC9 /* AFURLConnectionOperation.h */,
				C40946BA177026BD00562FC9 /* AFURLConnectionOperation.m */,
				C40946BB177026BD00562FC9 /* AFXMLRequestOperation.h */,
				C40946BC177026BD00562FC9 /* AFXMLRequestOperation.m */,
				C40946BD177026BD00562FC9 /* UIImageView+AFNetworking.h */,
				C40946BE177026BD00562FC9 /* UIImageView+AFNetworking.m */,
			);
			path = AFNetworking;
			sourceTree = "<group>";
		};
		C40946CF177026BD00562FC9 /* support */ = {
			isa = PBXGroup;
			children = (
				C40946D0177026BD00562FC9 /* OpenUDID.h */,
				C40946D1177026BD00562FC9 /* OpenUDID.m */,
			);
			path = support;
			sourceTree = "<group>";
		};
		C40946FB177026C300562FC9 /* model */ = {
			isa = PBXGroup;
			children = (
			);
			name = model;
			sourceTree = "<group>";
		};
		C40946FD177026C900562FC9 /* view */ = {
			isa = PBXGroup;
			children = (
				C4094702177026DA00562FC9 /* NavigationBar.h */,
				C4094703177026DA00562FC9 /* NavigationBar.mm */,
				C4094704177026DA00562FC9 /* NavigationController.h */,
				C4094705177026DA00562FC9 /* NavigationController.m */,
				C4EBA693177033AC00502D2D /* Cell.h */,
				C4EBA694177033AC00502D2D /* Cell.m */,
				C4EBA6911770313900502D2D /* Cell.xib */,
				C4EBA6961770366B00502D2D /* PlayingView.h */,
				C4EBA6971770366B00502D2D /* PlayingView.m */,
				C4EBA76E177084BE00502D2D /* EditView.h */,
				C4EBA76F177084BE00502D2D /* EditView.m */,
				C4EBA771177090C200502D2D /* FeedBackView.h */,
				C4EBA772177090C200502D2D /* FeedBackView.m */,
				C4EBA76C1770836600502D2D /* EditView.xib */,
			);
			name = view;
			sourceTree = "<group>";
		};
		C40946FE177026CC00562FC9 /* controller */ = {
			isa = PBXGroup;
			children = (
				C40946FF177026D300562FC9 /* ListViewController.h */,
				C4094700177026D300562FC9 /* ListViewController.m */,
				C4EBA6AE17706E4B00502D2D /* ConfigViewController.h */,
				C4EBA6AF17706E4B00502D2D /* ConfigViewController.m */,
				C4EBA76917707A6F00502D2D /* RecordViewController.h */,
				C4EBA76A17707A6F00502D2D /* RecordViewController.m */,
			);
			name = controller;
			sourceTree = "<group>";
		};
		C4A00D6317709B3500BA8043 /* UMAnalytics_Sdk_2.2.0.OpenUDID */ = {
			isa = PBXGroup;
			children = (
				C4A00D6417709B3500BA8043 /* libMobClickLibrary.a */,
				C4A00D6517709B3500BA8043 /* MobClick.h */,
			);
			path = UMAnalytics_Sdk_2.2.0.OpenUDID;
			sourceTree = "<group>";
		};
		C4EBA6A517705CC600502D2D /* weixin */ = {
			isa = PBXGroup;
			children = (
				C4EBA6AC17705EE000502D2D /* libWeChatSDK_armv7_armv7s.a */,
				C4EBA6A817705CC600502D2D /* WXApi.h */,
				C4EBA6A917705CC600502D2D /* WXApiObject.h */,
			);
			path = weixin;
			sourceTree = "<group>";
		};
/* End PBXGroup section */

/* Begin PBXNativeTarget section */
		C409464C1770269200562FC9 /* Yitingdaodi */ = {
			isa = PBXNativeTarget;
			buildConfigurationList = C40946701770269200562FC9 /* Build configuration list for PBXNativeTarget "Yitingdaodi" */;
			buildPhases = (
				C40946491770269200562FC9 /* Sources */,
				C409464A1770269200562FC9 /* Frameworks */,
				C409464B1770269200562FC9 /* Resources */,
			);
			buildRules = (
			);
			dependencies = (
			);
			name = Yitingdaodi;
			productName = Yitingdaodi;
			productReference = C409464D1770269200562FC9 /* Yitingdaodi.app */;
			productType = "com.apple.product-type.application";
		};
/* End PBXNativeTarget section */

/* Begin PBXProject section */
		C40946451770269100562FC9 /* Project object */ = {
			isa = PBXProject;
			attributes = {
				LastUpgradeCheck = 0460;
				ORGANIZATIONNAME = Johnil;
			};
			buildConfigurationList = C40946481770269100562FC9 /* Build configuration list for PBXProject "Yitingdaodi" */;
			compatibilityVersion = "Xcode 3.2";
			developmentRegion = English;
			hasScannedForEncodings = 0;
			knownRegions = (
				en,
			);
			mainGroup = C40946441770269100562FC9;
			productRefGroup = C409464E1770269200562FC9 /* Products */;
			projectDirPath = "";
			projectRoot = "";
			targets = (
				C409464C1770269200562FC9 /* Yitingdaodi */,
			);
		};
/* End PBXProject section */

/* Begin PBXResourcesBuildPhase section */
		C409464B1770269200562FC9 /* Resources */ = {
			isa = PBXResourcesBuildPhase;
			buildActionMask = 2147483647;
			files = (
				C409465B1770269200562FC9 /* InfoPlist.strings in Resources */,
				C40946631770269200562FC9 /* Default.png in Resources */,
				C40946651770269200562FC9 /* Default@2x.png in Resources */,
				C40946671770269200562FC9 /* Default-568h@2x.png in Resources */,
				C4EBA6921770313900502D2D /* Cell.xib in Resources */,
				C4EBA73917707A4100502D2D /* back_btn.png in Resources */,
				C4EBA73A17707A4100502D2D /* back_btn@2x.png in Resources */,
				C4EBA73B17707A4100502D2D /* cell_bg.png in Resources */,
				C4EBA73C17707A4100502D2D /* cell_bg@2x.png in Resources */,
				C4EBA73D17707A4100502D2D /* cell_bottom.png in Resources */,
				C4EBA73E17707A4100502D2D /* cell_bottom@2x.png in Resources */,
				C4EBA73F17707A4100502D2D /* cell_center.png in Resources */,
				C4EBA74017707A4100502D2D /* cell_center@2x.png in Resources */,
				C4EBA74117707A4100502D2D /* cell_once.png in Resources */,
				C4EBA74217707A4100502D2D /* cell_once@2x.png in Resources */,
				C4EBA74317707A4100502D2D /* cell_top.png in Resources */,
				C4EBA74417707A4100502D2D /* cell_top@2x.png in Resources */,
				C4EBA74517707A4100502D2D /* click_add_img.png in Resources */,
				C4EBA74617707A4100502D2D /* click_add_img@2x.png in Resources */,
				C4EBA74717707A4100502D2D /* config.png in Resources */,
				C4EBA74817707A4100502D2D /* config@2x.png in Resources */,
				C4EBA74917707A4100502D2D /* error.png in Resources */,
				C4EBA74A17707A4100502D2D /* error@2x.png in Resources */,
				C4EBA74B17707A4100502D2D /* fav.png in Resources */,
				C4EBA74C17707A4100502D2D /* fav@2x.png in Resources */,
				C4EBA74D17707A4100502D2D /* heart.png in Resources */,
				C4EBA74E17707A4100502D2D /* heart@2x.png in Resources */,
				C4EBA74F17707A4100502D2D /* navi_bg.png in Resources */,
				C4EBA75017707A4100502D2D /* navi_bg@2x.png in Resources */,
				C4EBA75117707A4100502D2D /* navi_shadow.png in Resources */,
				C4EBA75217707A4100502D2D /* navi_shadow@2x.png in Resources */,
				C4EBA75317707A4100502D2D /* noFav.png in Resources */,
				C4EBA75417707A4100502D2D /* noFav@2x.png in Resources */,
				C4EBA75517707A4100502D2D /* panel.png in Resources */,
				C4EBA75617707A4100502D2D /* panel@2x.png in Resources */,
				C4EBA75717707A4100502D2D /* play_btn.png in Resources */,
				C4EBA75817707A4100502D2D /* play_btn@2x.png in Resources */,
				C4EBA75917707A4100502D2D /* record.png in Resources */,
				C4EBA75A17707A4100502D2D /* record@2x.png in Resources */,
				C4EBA75B17707A4100502D2D /* recordA.png in Resources */,
				C4EBA75C17707A4100502D2D /* recordA@2x.png in Resources */,
				C4EBA75D17707A4100502D2D /* right_btn_pressed.png in Resources */,
				C4EBA75E17707A4100502D2D /* right_btn_pressed@2x.png in Resources */,
				C4EBA75F17707A4100502D2D /* right_btn.png in Resources */,
				C4EBA76017707A4100502D2D /* right_btn@2x.png in Resources */,
				C4EBA76117707A4100502D2D /* share.png in Resources */,
				C4EBA76217707A4100502D2D /* share@2x.png in Resources */,
				C4EBA76317707A4100502D2D /* speator.png in Resources */,
				C4EBA76417707A4100502D2D /* speator@2x.png in Resources */,
				C4EBA76517707A4100502D2D /* success.png in Resources */,
				C4EBA76617707A4100502D2D /* success@2x.png in Resources */,
				C4EBA76717707A4100502D2D /* voice.png in Resources */,
				C4EBA76817707A4100502D2D /* voice@2x.png in Resources */,
				C4EBA76D1770836600502D2D /* EditView.xib in Resources */,
			);
			runOnlyForDeploymentPostprocessing = 0;
		};
/* End PBXResourcesBuildPhase section */

/* Begin PBXSourcesBuildPhase section */
		C40946491770269200562FC9 /* Sources */ = {
			isa = PBXSourcesBuildPhase;
			buildActionMask = 2147483647;
			files = (
				C409465D1770269200562FC9 /* main.m in Sources */,
				C40946611770269200562FC9 /* AppDelegate.m in Sources */,
				C40946E0177026BD00562FC9 /* AdditionsObserver.m in Sources */,
				C40946E1177026BD00562FC9 /* AFDownloadRequestOperation.m in Sources */,
				C40946E2177026BD00562FC9 /* AFHTTPClient.m in Sources */,
				C40946E3177026BD00562FC9 /* AFHTTPRequestOperation.m in Sources */,
				C40946E4177026BD00562FC9 /* AFImageRequestOperation.m in Sources */,
				C40946E5177026BD00562FC9 /* AFJSONRequestOperation.m in Sources */,
				C40946E6177026BD00562FC9 /* AFNetworkActivityIndicatorManager.m in Sources */,
				C40946E7177026BD00562FC9 /* AFPropertyListRequestOperation.m in Sources */,
				C40946E8177026BD00562FC9 /* AFURLConnectionOperation.m in Sources */,
				C40946E9177026BD00562FC9 /* AFXMLRequestOperation.m in Sources */,
				C40946EA177026BD00562FC9 /* UIImageView+AFNetworking.m in Sources */,
				C40946EB177026BD00562FC9 /* AppUtil.m in Sources */,
				C40946EC177026BD00562FC9 /* AudioManager.m in Sources */,
				C40946ED177026BD00562FC9 /* JSONKit.m in Sources */,
				C40946EE177026BD00562FC9 /* NSArray+Additions.m in Sources */,
				C40946EF177026BD00562FC9 /* NSData+Additions.m in Sources */,
				C40946F0177026BD00562FC9 /* NSDictionary+Additions.m in Sources */,
				C40946F1177026BD00562FC9 /* NSMutableArray+Additions.m in Sources */,
				C40946F2177026BD00562FC9 /* NSString+Additions.m in Sources */,
				C40946F3177026BD00562FC9 /* OpenUDID.m in Sources */,
				C40946F4177026BD00562FC9 /* UIApplication+Additions.m in Sources */,
				C40946F5177026BD00562FC9 /* UIColor+Additions.m in Sources */,
				C40946F6177026BD00562FC9 /* UIDevice+Additions.m in Sources */,
				C40946F7177026BD00562FC9 /* UIScreen+Additions.m in Sources */,
				C40946F8177026BD00562FC9 /* UITableView+Additions.m in Sources */,
				C40946F9177026BD00562FC9 /* UIView+Additions.m in Sources */,
				C40946FA177026BD00562FC9 /* UserDataManager.m in Sources */,
				C4094701177026D300562FC9 /* ListViewController.m in Sources */,
				C4094706177026DA00562FC9 /* NavigationBar.mm in Sources */,
				C4094707177026DA00562FC9 /* NavigationController.m in Sources */,
				C409470A177026E500562FC9 /* RequestHelper.m in Sources */,
				C4EBA695177033AC00502D2D /* Cell.m in Sources */,
				C4EBA6981770366B00502D2D /* PlayingView.m in Sources */,
				C4EBA6B017706E4B00502D2D /* ConfigViewController.m in Sources */,
				C4EBA76B17707A6F00502D2D /* RecordViewController.m in Sources */,
				C4EBA770177084BE00502D2D /* EditView.m in Sources */,
				C4EBA773177090C200502D2D /* FeedBackView.m in Sources */,
			);
			runOnlyForDeploymentPostprocessing = 0;
		};
/* End PBXSourcesBuildPhase section */

/* Begin PBXVariantGroup section */
		C40946591770269200562FC9 /* InfoPlist.strings */ = {
			isa = PBXVariantGroup;
			children = (
				C409465A1770269200562FC9 /* en */,
			);
			name = InfoPlist.strings;
			sourceTree = "<group>";
		};
/* End PBXVariantGroup section */

/* Begin XCBuildConfiguration section */
		C409466E1770269200562FC9 /* Debug */ = {
			isa = XCBuildConfiguration;
			buildSettings = {
				ALWAYS_SEARCH_USER_PATHS = NO;
				CLANG_CXX_LANGUAGE_STANDARD = "gnu++0x";
				CLANG_CXX_LIBRARY = "libc++";
				CLANG_ENABLE_OBJC_ARC = YES;
				CLANG_WARN_CONSTANT_CONVERSION = YES;
				CLANG_WARN_EMPTY_BODY = YES;
				CLANG_WARN_ENUM_CONVERSION = YES;
				CLANG_WARN_INT_CONVERSION = YES;
				CLANG_WARN__DUPLICATE_METHOD_MATCH = YES;
				"CODE_SIGN_IDENTITY[sdk=iphoneos*]" = "iPhone Developer";
				COPY_PHASE_STRIP = NO;
				GCC_C_LANGUAGE_STANDARD = gnu99;
				GCC_DYNAMIC_NO_PIC = NO;
				GCC_OPTIMIZATION_LEVEL = 0;
				GCC_PREPROCESSOR_DEFINITIONS = (
					"DEBUG=1",
					"$(inherited)",
				);
				GCC_SYMBOLS_PRIVATE_EXTERN = NO;
				GCC_WARN_ABOUT_RETURN_TYPE = YES;
				GCC_WARN_UNINITIALIZED_AUTOS = YES;
				GCC_WARN_UNUSED_VARIABLE = YES;
				IPHONEOS_DEPLOYMENT_TARGET = 6.1;
				ONLY_ACTIVE_ARCH = YES;
				SDKROOT = iphoneos;
			};
			name = Debug;
		};
		C409466F1770269200562FC9 /* Release */ = {
			isa = XCBuildConfiguration;
			buildSettings = {
				ALWAYS_SEARCH_USER_PATHS = NO;
				CLANG_CXX_LANGUAGE_STANDARD = "gnu++0x";
				CLANG_CXX_LIBRARY = "libc++";
				CLANG_ENABLE_OBJC_ARC = YES;
				CLANG_WARN_CONSTANT_CONVERSION = YES;
				CLANG_WARN_EMPTY_BODY = YES;
				CLANG_WARN_ENUM_CONVERSION = YES;
				CLANG_WARN_INT_CONVERSION = YES;
				CLANG_WARN__DUPLICATE_METHOD_MATCH = YES;
				"CODE_SIGN_IDENTITY[sdk=iphoneos*]" = "iPhone Developer";
				COPY_PHASE_STRIP = YES;
				GCC_C_LANGUAGE_STANDARD = gnu99;
				GCC_WARN_ABOUT_RETURN_TYPE = YES;
				GCC_WARN_UNINITIALIZED_AUTOS = YES;
				GCC_WARN_UNUSED_VARIABLE = YES;
				IPHONEOS_DEPLOYMENT_TARGET = 6.1;
				OTHER_CFLAGS = "-DNS_BLOCK_ASSERTIONS=1";
				SDKROOT = iphoneos;
				VALIDATE_PRODUCT = YES;
			};
			name = Release;
		};
		C40946711770269200562FC9 /* Debug */ = {
			isa = XCBuildConfiguration;
			buildSettings = {
				GCC_PRECOMPILE_PREFIX_HEADER = YES;
				GCC_PREFIX_HEADER = "Yitingdaodi/Yitingdaodi-Prefix.pch";
				INFOPLIST_FILE = "Yitingdaodi/Yitingdaodi-Info.plist";
				IPHONEOS_DEPLOYMENT_TARGET = 5.0;
				LIBRARY_SEARCH_PATHS = (
					"$(inherited)",
					"\"$(SRCROOT)/Yitingdaodi/library/weixin\"",
					"\"$(SRCROOT)/Yitingdaodi/library/UMAnalytics_Sdk_2.2.0.OpenUDID\"",
				);
				PRODUCT_NAME = "$(TARGET_NAME)";
				WRAPPER_EXTENSION = app;
			};
			name = Debug;
		};
		C40946721770269200562FC9 /* Release */ = {
			isa = XCBuildConfiguration;
			buildSettings = {
				GCC_PRECOMPILE_PREFIX_HEADER = YES;
				GCC_PREFIX_HEADER = "Yitingdaodi/Yitingdaodi-Prefix.pch";
				INFOPLIST_FILE = "Yitingdaodi/Yitingdaodi-Info.plist";
				IPHONEOS_DEPLOYMENT_TARGET = 5.0;
				LIBRARY_SEARCH_PATHS = (
					"$(inherited)",
					"\"$(SRCROOT)/Yitingdaodi/library/weixin\"",
					"\"$(SRCROOT)/Yitingdaodi/library/UMAnalytics_Sdk_2.2.0.OpenUDID\"",
				);
				PRODUCT_NAME = "$(TARGET_NAME)";
				WRAPPER_EXTENSION = app;
			};
			name = Release;
		};
/* End XCBuildConfiguration section */

/* Begin XCConfigurationList section */
		C40946481770269100562FC9 /* Build configuration list for PBXProject "Yitingdaodi" */ = {
			isa = XCConfigurationList;
			buildConfigurations = (
				C409466E1770269200562FC9 /* Debug */,
				C409466F1770269200562FC9 /* Release */,
			);
			defaultConfigurationIsVisible = 0;
			defaultConfigurationName = Release;
		};
		C40946701770269200562FC9 /* Build configuration list for PBXNativeTarget "Yitingdaodi" */ = {
			isa = XCConfigurationList;
			buildConfigurations = (
				C40946711770269200562FC9 /* Debug */,
				C40946721770269200562FC9 /* Release */,
			);
			defaultConfigurationIsVisible = 0;
			defaultConfigurationName = Release;
		};
/* End XCConfigurationList section */
	};
	rootObject = C40946451770269100562FC9 /* Project object */;
}
